
Microsoft Visual Studio Solution File, Format Version 12.00
# Visual Studio Version 17
VisualStudioVersion = 17.1.32210.238
MinimumVisualStudioVersion = 10.0.40219.1
Project("{FAE04EC0-301F-11D3-BF4B-00C04F79EFBC}") = "ABSA_Card_Assessment", "ABSA_Card_Assessment\ABSA_Card_Assessment.csproj", "{906C8670-DB8F-4C7A-9A33-570FCC7C7D55}"
EndProject
Global
	GlobalSection(SolutionConfigurationPlatforms) = preSolution
		Debug|Any CPU = Debug|Any CPU
		Release|Any CPU = Release|Any CPU
	EndGlobalSection
	GlobalSection(ProjectConfigurationPlatforms) = postSolution
		{906C8670-DB8F-4C7A-9A33-570FCC7C7D55}.Debug|Any CPU.ActiveCfg = Debug|Any CPU
		{906C8670-DB8F-4C7A-9A33-570FCC7C7D55}.Debug|Any CPU.Build.0 = Debug|Any CPU
		{906C8670-DB8F-4C7A-9A33-570FCC7C7D55}.Release|Any CPU.ActiveCfg = Release|Any CPU
		{906C8670-DB8F-4C7A-9A33-570FCC7C7D55}.Release|Any CPU.Build.0 = Release|Any CPU
	EndGlobalSection
	GlobalSection(SolutionProperties) = preSolution
		HideSolutionNode = FALSE
	EndGlobalSection
	GlobalSection(ExtensibilityGlobals) = postSolution
		SolutionGuid = {F1341738-A7BF-4957-A1BF-37BC7A786AD2}
	EndGlobalSection
EndGlobal
